// !$*UTF8*$!
{
	archiveVersion = 1;
	classes = {
	};
	objectVersion = 56;
	objects = {

/* Begin PBXBuildFile section */
		BB26636028D9EE2500203D93 /* WeatherMeApp.swift in Sources */ = {isa = PBXBuildFile; fileRef = BB26635F28D9EE2500203D93 /* WeatherMeApp.swift */; };
		BB26636228D9EE2500203D93 /* ContentView.swift in Sources */ = {isa = PBXBuildFile; fileRef = BB26636128D9EE2500203D93 /* ContentView.swift */; };
		BB26636428D9EE2700203D93 /* Assets.xcassets in Resources */ = {isa = PBXBuildFile; fileRef = BB26636328D9EE2700203D93 /* Assets.xcassets */; };
		BB26636828D9EE2700203D93 /* Preview Assets.xcassets in Resources */ = {isa = PBXBuildFile; fileRef = BB26636728D9EE2700203D93 /* Preview Assets.xcassets */; };
		BB26637228D9EE2700203D93 /* WeatherMeTests.swift in Sources */ = {isa = PBXBuildFile; fileRef = BB26637128D9EE2700203D93 /* WeatherMeTests.swift */; };
		BB26637C28D9EE2800203D93 /* WeatherMeUITests.swift in Sources */ = {isa = PBXBuildFile; fileRef = BB26637B28D9EE2800203D93 /* WeatherMeUITests.swift */; };
		BB26637E28D9EE2800203D93 /* WeatherMeUITestsLaunchTests.swift in Sources */ = {isa = PBXBuildFile; fileRef = BB26637D28D9EE2800203D93 /* WeatherMeUITestsLaunchTests.swift */; };
/* End PBXBuildFile section */

/* Begin PBXContainerItemProxy section */
		BB26636E28D9EE2700203D93 /* PBXContainerItemProxy */ = {
			isa = PBXContainerItemProxy;
			containerPortal = BB26635428D9EE2500203D93 /* Project object */;
			proxyType = 1;
			remoteGlobalIDString = BB26635B28D9EE2500203D93;
			remoteInfo = WeatherMe;
		};
		BB26637828D9EE2800203D93 /* PBXContainerItemProxy */ = {
			isa = PBXContainerItemProxy;
			containerPortal = BB26635428D9EE2500203D93 /* Project object */;
			proxyType = 1;
			remoteGlobalIDString = BB26635B28D9EE2500203D93;
			remoteInfo = WeatherMe;
		};
/* End PBXContainerItemProxy section */

/* Begin PBXFileReference section */
		BB26635C28D9EE2500203D93 /* WeatherMe.app */ = {isa = PBXFileReference; explicitFileType = wrapper.application; includeInIndex = 0; path = WeatherMe.app; sourceTree = BUILT_PRODUCTS_DIR; };
		BB26635F28D9EE2500203D93 /* WeatherMeApp.swift */ = {isa = PBXFileReference; lastKnownFileType = sourcecode.swift; path = WeatherMeApp.swift; sourceTree = "<group>"; };
		BB26636128D9EE2500203D93 /* ContentView.swift */ = {isa = PBXFileReference; lastKnownFileType = sourcecode.swift; path = ContentView.swift; sourceTree = "<group>"; };
		BB26636328D9EE2700203D93 /* Assets.xcassets */ = {isa = PBXFileReference; lastKnownFileType = folder.assetcatalog; path = Assets.xcassets; sourceTree = "<group>"; };
		BB26636528D9EE2700203D93 /* WeatherMe.entitlements */ = {isa = PBXFileReference; lastKnownFileType = text.plist.entitlements; path = WeatherMe.entitlements; sourceTree = "<group>"; };
		BB26636728D9EE2700203D93 /* Preview Assets.xcassets */ = {isa = PBXFileReference; lastKnownFileType = folder.assetcatalog; path = "Preview Assets.xcassets"; sourceTree = "<group>"; };
		BB26636D28D9EE2700203D93 /* WeatherMeTests.xctest */ = {isa = PBXFileReference; explicitFileType = wrapper.cfbundle; includeInIndex = 0; path = WeatherMeTests.xctest; sourceTree = BUILT_PRODUCTS_DIR; };
		BB26637128D9EE2700203D93 /* WeatherMeTests.swift */ = {isa = PBXFileReference; lastKnownFileType = sourcecode.swift; path = WeatherMeTests.swift; sourceTree = "<group>"; };
		BB26637728D9EE2800203D93 /* WeatherMeUITests.xctest */ = {isa = PBXFileReference; explicitFileType = wrapper.cfbundle; includeInIndex = 0; path = WeatherMeUITests.xctest; sourceTree = BUILT_PRODUCTS_DIR; };
		BB26637B28D9EE2800203D93 /* WeatherMeUITests.swift */ = {isa = PBXFileReference; lastKnownFileType = sourcecode.swift; path = WeatherMeUITests.swift; sourceTree = "<group>"; };
		BB26637D28D9EE2800203D93 /* WeatherMeUITestsLaunchTests.swift */ = {isa = PBXFileReference; lastKnownFileType = sourcecode.swift; path = WeatherMeUITestsLaunchTests.swift; sourceTree = "<group>"; };
/* End PBXFileReference section */

/* Begin PBXFrameworksBuildPhase section */
		BB26635928D9EE2500203D93 /* Frameworks */ = {
			isa = PBXFrameworksBuildPhase;
			buildActionMask = 2147483647;
			files = (
			);
			runOnlyForDeploymentPostprocessing = 0;
		};
		BB26636A28D9EE2700203D93 /* Frameworks */ = {
			isa = PBXFrameworksBuildPhase;
			buildActionMask = 2147483647;
			files = (
			);
			runOnlyForDeploymentPostprocessing = 0;
		};
		BB26637428D9EE2800203D93 /* Frameworks */ = {
			isa = PBXFrameworksBuildPhase;
			buildActionMask = 2147483647;
			files = (
			);
			runOnlyForDeploymentPostprocessing = 0;
		};
/* End PBXFrameworksBuildPhase section */

/* Begin PBXGroup section */
		BB26635328D9EE2500203D93 = {
			isa = PBXGroup;
			children = (
				BB26635E28D9EE2500203D93 /* WeatherMe */,
				BB26637028D9EE2700203D93 /* WeatherMeTests */,
				BB26637A28D9EE2800203D93 /* WeatherMeUITests */,
				BB26635D28D9EE2500203D93 /* Products */,
			);
			sourceTree = "<group>";
		};
		BB26635D28D9EE2500203D93 /* Products */ = {
			isa = PBXGroup;
			children = (
				BB26635C28D9EE2500203D93 /* WeatherMe.app */,
				BB26636D28D9EE2700203D93 /* WeatherMeTests.xctest */,
				BB26637728D9EE2800203D93 /* WeatherMeUITests.xctest */,
			);
			name = Products;
			sourceTree = "<group>";
		};
		BB26635E28D9EE2500203D93 /* WeatherMe */ = {
			isa = PBXGroup;
			children = (
				BB26635F28D9EE2500203D93 /* WeatherMeApp.swift */,
				BB26636128D9EE2500203D93 /* ContentView.swift */,
				BB26636328D9EE2700203D93 /* Assets.xcassets */,
				BB26636528D9EE2700203D93 /* WeatherMe.entitlements */,
				BB26636628D9EE2700203D93 /* Preview Content */,
			);
			path = WeatherMe;
			sourceTree = "<group>";
		};
		BB26636628D9EE2700203D93 /* Preview Content */ = {
			isa = PBXGroup;
			children = (
				BB26636728D9EE2700203D93 /* Preview Assets.xcassets */,
			);
			path = "Preview Content";
			sourceTree = "<group>";
		};
		BB26637028D9EE2700203D93 /* WeatherMeTests */ = {
			isa = PBXGroup;
			children = (
				BB26637128D9EE2700203D93 /* WeatherMeTests.swift */,
			);
			path = WeatherMeTests;
			sourceTree = "<group>";
		};
		BB26637A28D9EE2800203D93 /* WeatherMeUITests */ = {
			isa = PBXGroup;
			children = (
				BB26637B28D9EE2800203D93 /* WeatherMeUITests.swift */,
				BB26637D28D9EE2800203D93 /* WeatherMeUITestsLaunchTests.swift */,
			);
			path = WeatherMeUITests;
			sourceTree = "<group>";
		};
/* End PBXGroup section */

/* Begin PBXNativeTarget section */
		BB26635B28D9EE2500203D93 /* WeatherMe */ = {
			isa = PBXNativeTarget;
			buildConfigurationList = BB26638128D9EE2800203D93 /* Build configuration list for PBXNativeTarget "WeatherMe" */;
			buildPhases = (
				BB26635828D9EE2500203D93 /* Sources */,
				BB26635928D9EE2500203D93 /* Frameworks */,
				BB26635A28D9EE2500203D93 /* Resources */,
			);
			buildRules = (
			);
			dependencies = (
			);
			name = WeatherMe;
			productName = WeatherMe;
			productReference = BB26635C28D9EE2500203D93 /* WeatherMe.app */;
			productType = "com.apple.product-type.application";
		};
		BB26636C28D9EE2700203D93 /* WeatherMeTests */ = {
			isa = PBXNativeTarget;
			buildConfigurationList = BB26638428D9EE2800203D93 /* Build configuration list for PBXNativeTarget "WeatherMeTests" */;
			buildPhases = (
				BB26636928D9EE2700203D93 /* Sources */,
				BB26636A28D9EE2700203D93 /* Frameworks */,
				BB26636B28D9EE2700203D93 /* Resources */,
			);
			buildRules = (
			);
			dependencies = (
				BB26636F28D9EE2700203D93 /* PBXTargetDependency */,
			);
			name = WeatherMeTests;
			productName = WeatherMeTests;
			productReference = BB26636D28D9EE2700203D93 /* WeatherMeTests.xctest */;
			productType = "com.apple.product-type.bundle.unit-test";
		};
		BB26637628D9EE2800203D93 /* WeatherMeUITests */ = {
			isa = PBXNativeTarget;
			buildConfigurationList = BB26638728D9EE2800203D93 /* Build configuration list for PBXNativeTarget "WeatherMeUITests" */;
			buildPhases = (
				BB26637328D9EE2800203D93 /* Sources */,
				BB26637428D9EE2800203D93 /* Frameworks */,
				BB26637528D9EE2800203D93 /* Resources */,
			);
			buildRules = (
			);
			dependencies = (
				BB26637928D9EE2800203D93 /* PBXTargetDependency */,
			);
			name = WeatherMeUITests;
			productName = WeatherMeUITests;
			productReference = BB26637728D9EE2800203D93 /* WeatherMeUITests.xctest */;
			productType = "com.apple.product-type.bundle.ui-testing";
		};
/* End PBXNativeTarget section */

/* Begin PBXProject section */
		BB26635428D9EE2500203D93 /* Project object */ = {
			isa = PBXProject;
			attributes = {
				BuildIndependentTargetsInParallel = 1;
				LastSwiftUpdateCheck = 1400;
				LastUpgradeCheck = 1400;
				TargetAttributes = {
					BB26635B28D9EE2500203D93 = {
						CreatedOnToolsVersion = 14.0;
					};
					BB26636C28D9EE2700203D93 = {
						CreatedOnToolsVersion = 14.0;
						TestTargetID = BB26635B28D9EE2500203D93;
					};
					BB26637628D9EE2800203D93 = {
						CreatedOnToolsVersion = 14.0;
						TestTargetID = BB26635B28D9EE2500203D93;
					};
				};
			};
			buildConfigurationList = BB26635728D9EE2500203D93 /* Build configuration list for PBXProject "WeatherMe" */;
			compatibilityVersion = "Xcode 14.0";
			developmentRegion = en;
			hasScannedForEncodings = 0;
			knownRegions = (
				en,
				Base,
			);
			mainGroup = BB26635328D9EE2500203D93;
			productRefGroup = BB26635D28D9EE2500203D93 /* Products */;
			projectDirPath = "";
			projectRoot = "";
			targets = (
				BB26635B28D9EE2500203D93 /* WeatherMe */,
				BB26636C28D9EE2700203D93 /* WeatherMeTests */,
				BB26637628D9EE2800203D93 /* WeatherMeUITests */,
			);
		};
/* End PBXProject section */

/* Begin PBXResourcesBuildPhase section */
		BB26635A28D9EE2500203D93 /* Resources */ = {
			isa = PBXResourcesBuildPhase;
			buildActionMask = 2147483647;
			files = (
				BB26636828D9EE2700203D93 /* Preview Assets.xcassets in Resources */,
				BB26636428D9EE2700203D93 /* Assets.xcassets in Resources */,
			);
			runOnlyForDeploymentPostprocessing = 0;
		};
		BB26636B28D9EE2700203D93 /* Resources */ = {
			isa = PBXResourcesBuildPhase;
			buildActionMask = 2147483647;
			files = (
			);
			runOnlyForDeploymentPostprocessing = 0;
		};
		BB26637528D9EE2800203D93 /* Resources */ = {
			isa = PBXResourcesBuildPhase;
			buildActionMask = 2147483647;
			files = (
			);
			runOnlyForDeploymentPostprocessing = 0;
		};
/* End PBXResourcesBuildPhase section */

/* Begin PBXSourcesBuildPhase section */
		BB26635828D9EE2500203D93 /* Sources */ = {
			isa = PBXSourcesBuildPhase;
			buildActionMask = 2147483647;
			files = (
				BB26636228D9EE2500203D93 /* ContentView.swift in Sources */,
				BB26636028D9EE2500203D93 /* WeatherMeApp.swift in Sources */,
			);
			runOnlyForDeploymentPostprocessing = 0;
		};
		BB26636928D9EE2700203D93 /* Sources */ = {
			isa = PBXSourcesBuildPhase;
			buildActionMask = 2147483647;
			files = (
				BB26637228D9EE2700203D93 /* WeatherMeTests.swift in Sources */,
			);
			runOnlyForDeploymentPostprocessing = 0;
		};
		BB26637328D9EE2800203D93 /* Sources */ = {
			isa = PBXSourcesBuildPhase;
			buildActionMask = 2147483647;
			files = (
				BB26637C28D9EE2800203D93 /* WeatherMeUITests.swift in Sources */,
				BB26637E28D9EE2800203D93 /* WeatherMeUITestsLaunchTests.swift in Sources */,
			);
			runOnlyForDeploymentPostprocessing = 0;
		};
/* End PBXSourcesBuildPhase section */

/* Begin PBXTargetDependency section */
		BB26636F28D9EE2700203D93 /* PBXTargetDependency */ = {
			isa = PBXTargetDependency;
			target = BB26635B28D9EE2500203D93 /* WeatherMe */;
			targetProxy = BB26636E28D9EE2700203D93 /* PBXContainerItemProxy */;
		};
		BB26637928D9EE2800203D93 /* PBXTargetDependency */ = {
			isa = PBXTargetDependency;
			target = BB26635B28D9EE2500203D93 /* WeatherMe */;
			targetProxy = BB26637828D9EE2800203D93 /* PBXContainerItemProxy */;
		};
/* End PBXTargetDependency section */

/* Begin XCBuildConfiguration section */
		BB26637F28D9EE2800203D93 /* Debug */ = {
			isa = XCBuildConfiguration;
			buildSettings = {
				ALWAYS_SEARCH_USER_PATHS = NO;
				CLANG_ANALYZER_NONNULL = YES;
				CLANG_ANALYZER_NUMBER_OBJECT_CONVERSION = YES_AGGRESSIVE;
				CLANG_CXX_LANGUAGE_STANDARD = "gnu++17";
				CLANG_ENABLE_MODULES = YES;
				CLANG_ENABLE_OBJC_ARC = YES;
				CLANG_ENABLE_OBJC_WEAK = YES;
				CLANG_WARN_BLOCK_CAPTURE_AUTORELEASING = YES;
				CLANG_WARN_BOOL_CONVERSION = YES;
				CLANG_WARN_COMMA = YES;
				CLANG_WARN_CONSTANT_CONVERSION = YES;
				CLANG_WARN_DEPRECATED_OBJC_IMPLEMENTATIONS = YES;
				CLANG_WARN_DIRECT_OBJC_ISA_USAGE = YES_ERROR;
				CLANG_WARN_DOCUMENTATION_COMMENTS = YES;
				CLANG_WARN_EMPTY_BODY = YES;
				CLANG_WARN_ENUM_CONVERSION = YES;
				CLANG_WARN_INFINITE_RECURSION = YES;
				CLANG_WARN_INT_CONVERSION = YES;
				CLANG_WARN_NON_LITERAL_NULL_CONVERSION = YES;
				CLANG_WARN_OBJC_IMPLICIT_RETAIN_SELF = YES;
				CLANG_WARN_OBJC_LITERAL_CONVERSION = YES;
				CLANG_WARN_OBJC_ROOT_CLASS = YES_ERROR;
				CLANG_WARN_QUOTED_INCLUDE_IN_FRAMEWORK_HEADER = YES;
				CLANG_WARN_RANGE_LOOP_ANALYSIS = YES;
				CLANG_WARN_STRICT_PROTOTYPES = YES;
				CLANG_WARN_SUSPICIOUS_MOVE = YES;
				CLANG_WARN_UNGUARDED_AVAILABILITY = YES_AGGRESSIVE;
				CLANG_WARN_UNREACHABLE_CODE = YES;
				CLANG_WARN__DUPLICATE_METHOD_MATCH = YES;
				COPY_PHASE_STRIP = NO;
				DEBUG_INFORMATION_FORMAT = dwarf;
				ENABLE_STRICT_OBJC_MSGSEND = YES;
				ENABLE_TESTABILITY = YES;
				GCC_C_LANGUAGE_STANDARD = gnu11;
				GCC_DYNAMIC_NO_PIC = NO;
				GCC_NO_COMMON_BLOCKS = YES;
				GCC_OPTIMIZATION_LEVEL = 0;
				GCC_PREPROCESSOR_DEFINITIONS = (
					"DEBUG=1",
					"$(inherited)",
				);
				GCC_WARN_64_TO_32_BIT_CONVERSION = YES;
				GCC_WARN_ABOUT_RETURN_TYPE = YES_ERROR;
				GCC_WARN_UNDECLARED_SELECTOR = YES;
				GCC_WARN_UNINITIALIZED_AUTOS = YES_AGGRESSIVE;
				GCC_WARN_UNUSED_FUNCTION = YES;
				GCC_WARN_UNUSED_VARIABLE = YES;
				MTL_ENABLE_DEBUG_INFO = INCLUDE_SOURCE;
				MTL_FAST_MATH = YES;
				ONLY_ACTIVE_ARCH = YES;
				SWIFT_ACTIVE_COMPILATION_CONDITIONS = DEBUG;
				SWIFT_OPTIMIZATION_LEVEL = "-Onone";
			};
			name = Debug;
		};
		BB26638028D9EE2800203D93 /* Release */ = {
			isa = XCBuildConfiguration;
			buildSettings = {
				ALWAYS_SEARCH_USER_PATHS = NO;
				CLANG_ANALYZER_NONNULL = YES;
				CLANG_ANALYZER_NUMBER_OBJECT_CONVERSION = YES_AGGRESSIVE;
				CLANG_CXX_LANGUAGE_STANDARD = "gnu++17";
				CLANG_ENABLE_MODULES = YES;
				CLANG_ENABLE_OBJC_ARC = YES;
				CLANG_ENABLE_OBJC_WEAK = YES;
				CLANG_WARN_BLOCK_CAPTURE_AUTORELEASING = YES;
				CLANG_WARN_BOOL_CONVERSION = YES;
				CLANG_WARN_COMMA = YES;
				CLANG_WARN_CONSTANT_CONVERSION = YES;
				CLANG_WARN_DEPRECATED_OBJC_IMPLEMENTATIONS = YES;
				CLANG_WARN_DIRECT_OBJC_ISA_USAGE = YES_ERROR;
				CLANG_WARN_DOCUMENTATION_COMMENTS = YES;
				CLANG_WARN_EMPTY_BODY = YES;
				CLANG_WARN_ENUM_CONVERSION = YES;
				CLANG_WARN_INFINITE_RECURSION = YES;
				CLANG_WARN_INT_CONVERSION = YES;
				CLANG_WARN_NON_LITERAL_NULL_CONVERSION = YES;
				CLANG_WARN_OBJC_IMPLICIT_RETAIN_SELF = YES;
				CLANG_WARN_OBJC_LITERAL_CONVERSION = YES;
				CLANG_WARN_OBJC_ROOT_CLASS = YES_ERROR;
				CLANG_WARN_QUOTED_INCLUDE_IN_FRAMEWORK_HEADER = YES;
				CLANG_WARN_RANGE_LOOP_ANALYSIS = YES;
				CLANG_WARN_STRICT_PROTOTYPES = YES;
				CLANG_WARN_SUSPICIOUS_MOVE = YES;
				CLANG_WARN_UNGUARDED_AVAILABILITY = YES_AGGRESSIVE;
				CLANG_WARN_UNREACHABLE_CODE = YES;
				CLANG_WARN__DUPLICATE_METHOD_MATCH = YES;
				COPY_PHASE_STRIP = NO;
				DEBUG_INFORMATION_FORMAT = "dwarf-with-dsym";
				ENABLE_NS_ASSERTIONS = NO;
				ENABLE_STRICT_OBJC_MSGSEND = YES;
				GCC_C_LANGUAGE_STANDARD = gnu11;
				GCC_NO_COMMON_BLOCKS = YES;
				GCC_WARN_64_TO_32_BIT_CONVERSION = YES;
				GCC_WARN_ABOUT_RETURN_TYPE = YES_ERROR;
				GCC_WARN_UNDECLARED_SELECTOR = YES;
				GCC_WARN_UNINITIALIZED_AUTOS = YES_AGGRESSIVE;
				GCC_WARN_UNUSED_FUNCTION = YES;
				GCC_WARN_UNUSED_VARIABLE = YES;
				MTL_ENABLE_DEBUG_INFO = NO;
				MTL_FAST_MATH = YES;
				SWIFT_COMPILATION_MODE = wholemodule;
				SWIFT_OPTIMIZATION_LEVEL = "-O";
			};
			name = Release;
		};
		BB26638228D9EE2800203D93 /* Debug */ = {
			isa = XCBuildConfiguration;
			buildSettings = {
				ASSETCATALOG_COMPILER_APPICON_NAME = AppIcon;
				ASSETCATALOG_COMPILER_GLOBAL_ACCENT_COLOR_NAME = AccentColor;
				CODE_SIGN_ENTITLEMENTS = WeatherMe/WeatherMe.entitlements;
				CODE_SIGN_STYLE = Automatic;
				CURRENT_PROJECT_VERSION = 1;
				DEVELOPMENT_ASSET_PATHS = "\"WeatherMe/Preview Content\"";
				DEVELOPMENT_TEAM = JHCL23JCJU;
				ENABLE_HARDENED_RUNTIME = YES;
				ENABLE_PREVIEWS = YES;
				GENERATE_INFOPLIST_FILE = YES;
				"INFOPLIST_KEY_UILaunchScreen_Generation[sdk=iphoneos*]" = YES;
				"INFOPLIST_KEY_UILaunchScreen_Generation[sdk=iphonesimulator*]" = YES;
				INFOPLIST_KEY_UISupportedInterfaceOrientations_iPad = "UIInterfaceOrientationPortrait UIInterfaceOrientationPortraitUpsideDown UIInterfaceOrientationLandscapeLeft UIInterfaceOrientationLandscapeRight";
				INFOPLIST_KEY_UISupportedInterfaceOrientations_iPhone = "UIInterfaceOrientationPortrait UIInterfaceOrientationLandscapeLeft UIInterfaceOrientationLandscapeRight";
				IPHONEOS_DEPLOYMENT_TARGET = 16.0;
				LD_RUNPATH_SEARCH_PATHS = "@executable_path/Frameworks";
				"LD_RUNPATH_SEARCH_PATHS[sdk=macosx*]" = "@executable_path/../Frameworks";
				MACOSX_DEPLOYMENT_TARGET = 13.0;
				MARKETING_VERSION = 1.0;
				PRODUCT_BUNDLE_IDENTIFIER = com.pascalboehler.WeatherMe;
				PRODUCT_NAME = "$(TARGET_NAME)";
				SDKROOT = auto;
				SUPPORTED_PLATFORMS = "iphoneos iphonesimulator macosx";
				SWIFT_EMIT_LOC_STRINGS = YES;
				SWIFT_VERSION = 5.0;
				TARGETED_DEVICE_FAMILY = "1,2";
			};
			name = Debug;
		};
		BB26638328D9EE2800203D93 /* Release */ = {
			isa = XCBuildConfiguration;
			buildSettings = {
				ASSETCATALOG_COMPILER_APPICON_NAME = AppIcon;
				ASSETCATALOG_COMPILER_GLOBAL_ACCENT_COLOR_NAME = AccentColor;
				CODE_SIGN_ENTITLEMENTS = WeatherMe/WeatherMe.entitlements;
				CODE_SIGN_STYLE = Automatic;
				CURRENT_PROJECT_VERSION = 1;
				DEVELOPMENT_ASSET_PATHS = "\"WeatherMe/Preview Content\"";
				DEVELOPMENT_TEAM = JHCL23JCJU;
				ENABLE_HARDENED_RUNTIME = YES;
				ENABLE_PREVIEWS = YES;
				GENERATE_INFOPLIST_FILE = YES;
				"INFOPLIST_KEY_UILaunchScreen_Generation[sdk=iphoneos*]" = YES;
				"INFOPLIST_KEY_UILaunchScreen_Generation[sdk=iphonesimulator*]" = YES;
				INFOPLIST_KEY_UISupportedInterfaceOrientations_iPad = "UIInterfaceOrientationPortrait UIInterfaceOrientationPortraitUpsideDown UIInterfaceOrientationLandscapeLeft UIInterfaceOrientationLandscapeRight";
				INFOPLIST_KEY_UISupportedInterfaceOrientations_iPhone = "UIInterfaceOrientationPortrait UIInterfaceOrientationLandscapeLeft UIInterfaceOrientationLandscapeRight";
				IPHONEOS_DEPLOYMENT_TARGET = 16.0;
				LD_RUNPATH_SEARCH_PATHS = "@executable_path/Frameworks";
				"LD_RUNPATH_SEARCH_PATHS[sdk=macosx*]" = "@executable_path/../Frameworks";
				MACOSX_DEPLOYMENT_TARGET = 13.0;
				MARKETING_VERSION = 1.0;
				PRODUCT_BUNDLE_IDENTIFIER = com.pascalboehler.WeatherMe;
				PRODUCT_NAME = "$(TARGET_NAME)";
				SDKROOT = auto;
				SUPPORTED_PLATFORMS = "iphoneos iphonesimulator macosx";
				SWIFT_EMIT_LOC_STRINGS = YES;
				SWIFT_VERSION = 5.0;
				TARGETED_DEVICE_FAMILY = "1,2";
			};
			name = Release;
		};
		BB26638528D9EE2800203D93 /* Debug */ = {
			isa = XCBuildConfiguration;
			buildSettings = {
				ALWAYS_EMBED_SWIFT_STANDARD_LIBRARIES = YES;
				BUNDLE_LOADER = "$(TEST_HOST)";
				CODE_SIGN_STYLE = Automatic;
				CURRENT_PROJECT_VERSION = 1;
				DEVELOPMENT_TEAM = JHCL23JCJU;
				GENERATE_INFOPLIST_FILE = YES;
				IPHONEOS_DEPLOYMENT_TARGET = 16.0;
				MACOSX_DEPLOYMENT_TARGET = 13.0;
				MARKETING_VERSION = 1.0;
				PRODUCT_BUNDLE_IDENTIFIER = com.pascalboehler.WeatherMeTests;
				PRODUCT_NAME = "$(TARGET_NAME)";
				SDKROOT = auto;
				SUPPORTED_PLATFORMS = "iphoneos iphonesimulator macosx";
				SWIFT_EMIT_LOC_STRINGS = NO;
				SWIFT_VERSION = 5.0;
				TARGETED_DEVICE_FAMILY = "1,2";
				TEST_HOST = "$(BUILT_PRODUCTS_DIR)/WeatherMe.app/$(BUNDLE_EXECUTABLE_FOLDER_PATH)/WeatherMe";
			};
			name = Debug;
		};
		BB26638628D9EE2800203D93 /* Release */ = {
			isa = XCBuildConfiguration;
			buildSettings = {
				ALWAYS_EMBED_SWIFT_STANDARD_LIBRARIES = YES;
				BUNDLE_LOADER = "$(TEST_HOST)";
				CODE_SIGN_STYLE = Automatic;
				CURRENT_PROJECT_VERSION = 1;
				DEVELOPMENT_TEAM = JHCL23JCJU;
				GENERATE_INFOPLIST_FILE = YES;
				IPHONEOS_DEPLOYMENT_TARGET = 16.0;
				MACOSX_DEPLOYMENT_TARGET = 13.0;
				MARKETING_VERSION = 1.0;
				PRODUCT_BUNDLE_IDENTIFIER = com.pascalboehler.WeatherMeTests;
				PRODUCT_NAME = "$(TARGET_NAME)";
				SDKROOT = auto;
				SUPPORTED_PLATFORMS = "iphoneos iphonesimulator macosx";
				SWIFT_EMIT_LOC_STRINGS = NO;
				SWIFT_VERSION = 5.0;
				TARGETED_DEVICE_FAMILY = "1,2";
				TEST_HOST = "$(BUILT_PRODUCTS_DIR)/WeatherMe.app/$(BUNDLE_EXECUTABLE_FOLDER_PATH)/WeatherMe";
			};
			name = Release;
		};
		BB26638828D9EE2800203D93 /* Debug */ = {
			isa = XCBuildConfiguration;
			buildSettings = {
				ALWAYS_EMBED_SWIFT_STANDARD_LIBRARIES = YES;
				CODE_SIGN_STYLE = Automatic;
				CURRENT_PROJECT_VERSION = 1;
				DEVELOPMENT_TEAM = JHCL23JCJU;
				GENERATE_INFOPLIST_FILE = YES;
				IPHONEOS_DEPLOYMENT_TARGET = 16.0;
				MACOSX_DEPLOYMENT_TARGET = 13.0;
				MARKETING_VERSION = 1.0;
				PRODUCT_BUNDLE_IDENTIFIER = com.pascalboehler.WeatherMeUITests;
				PRODUCT_NAME = "$(TARGET_NAME)";
				SDKROOT = auto;
				SUPPORTED_PLATFORMS = "iphoneos iphonesimulator macosx";
				SWIFT_EMIT_LOC_STRINGS = NO;
				SWIFT_VERSION = 5.0;
				TARGETED_DEVICE_FAMILY = "1,2";
				TEST_TARGET_NAME = WeatherMe;
			};
			name = Debug;
		};
		BB26638928D9EE2800203D93 /* Release */ = {
			isa = XCBuildConfiguration;
			buildSettings = {
				ALWAYS_EMBED_SWIFT_STANDARD_LIBRARIES = YES;
				CODE_SIGN_STYLE = Automatic;
				CURRENT_PROJECT_VERSION = 1;
				DEVELOPMENT_TEAM = JHCL23JCJU;
				GENERATE_INFOPLIST_FILE = YES;
				IPHONEOS_DEPLOYMENT_TARGET = 16.0;
				MACOSX_DEPLOYMENT_TARGET = 13.0;
				MARKETING_VERSION = 1.0;
				PRODUCT_BUNDLE_IDENTIFIER = com.pascalboehler.WeatherMeUITests;
				PRODUCT_NAME = "$(TARGET_NAME)";
				SDKROOT = auto;
				SUPPORTED_PLATFORMS = "iphoneos iphonesimulator macosx";
				SWIFT_EMIT_LOC_STRINGS = NO;
				SWIFT_VERSION = 5.0;
				TARGETED_DEVICE_FAMILY = "1,2";
				TEST_TARGET_NAME = WeatherMe;
			};
			name = Release;
		};
/* End XCBuildConfiguration section */

/* Begin XCConfigurationList section */
		BB26635728D9EE2500203D93 /* Build configuration list for PBXProject "WeatherMe" */ = {
			isa = XCConfigurationList;
			buildConfigurations = (
				BB26637F28D9EE2800203D93 /* Debug */,
				BB26638028D9EE2800203D93 /* Release */,
			);
			defaultConfigurationIsVisible = 0;
			defaultConfigurationName = Release;
		};
		BB26638128D9EE2800203D93 /* Build configuration list for PBXNativeTarget "WeatherMe" */ = {
			isa = XCConfigurationList;
			buildConfigurations = (
				BB26638228D9EE2800203D93 /* Debug */,
				BB26638328D9EE2800203D93 /* Release */,
			);
			defaultConfigurationIsVisible = 0;
			defaultConfigurationName = Release;
		};
		BB26638428D9EE2800203D93 /* Build configuration list for PBXNativeTarget "WeatherMeTests" */ = {
			isa = XCConfigurationList;
			buildConfigurations = (
				BB26638528D9EE2800203D93 /* Debug */,
				BB26638628D9EE2800203D93 /* Release */,
			);
			defaultConfigurationIsVisible = 0;
			defaultConfigurationName = Release;
		};
		BB26638728D9EE2800203D93 /* Build configuration list for PBXNativeTarget "WeatherMeUITests" */ = {
			isa = XCConfigurationList;
			buildConfigurations = (
				BB26638828D9EE2800203D93 /* Debug */,
				BB26638928D9EE2800203D93 /* Release */,
			);
			defaultConfigurationIsVisible = 0;
			defaultConfigurationName = Release;
		};
/* End XCConfigurationList section */
	};
	rootObject = BB26635428D9EE2500203D93 /* Project object */;
}
